
Microsoft Visual Studio Solution File, Format Version 12.00
# Visual Studio 14
VisualStudioVersion = 14.0.23107.0
MinimumVisualStudioVersion = 10.0.40219.1
Project("{FAE04EC0-301F-11D3-BF4B-00C04F79EFBC}") = "SerilogUpgradeLog", "SerilogUpgradeLog\SerilogUpgradeLog.csproj", "{DE997B0D-3387-4C79-9580-0E3C0F713901}"
EndProject
Global
	GlobalSection(SolutionConfigurationPlatforms) = preSolution
		Debug|Any CPU = Debug|Any CPU
		Release|Any CPU = Release|Any CPU
	EndGlobalSection
	GlobalSection(ProjectConfigurationPlatforms) = postSolution
		{DE997B0D-3387-4C79-9580-0E3C0F713901}.Debug|Any CPU.ActiveCfg = Debug|Any CPU
		{DE997B0D-3387-4C79-9580-0E3C0F713901}.Debug|Any CPU.Build.0 = Debug|Any CPU
		{DE997B0D-3387-4C79-9580-0E3C0F713901}.Release|Any CPU.ActiveCfg = Release|Any CPU
		{DE997B0D-3387-4C79-9580-0E3C0F713901}.Release|Any CPU.Build.0 = Release|Any CPU
	EndGlobalSection
	GlobalSection(SolutionProperties) = preSolution
		HideSolutionNode = FALSE
	EndGlobalSection
EndGlobal
